
Microsoft Visual Studio Solution File, Format Version 12.00
# Visual Studio Version 17
VisualStudioVersion = 17.6.33815.320
MinimumVisualStudioVersion = 10.0.40219.1
Project("{9A19103F-16F7-4668-BE54-9A1E7A4F7556}") = "Sample.Web", "Sample.Web\Sample.Web.csproj", "{FF76C067-B5A9-43B2-B918-A180EA564415}"
EndProject
Project("{9A19103F-16F7-4668-BE54-9A1E7A4F7556}") = "Sample.BLLayer", "Sample.BLLayer\Sample.BLLayer.csproj", "{49742247-D0A6-4293-9FC9-41D6F5EE5086}"
EndProject
Project("{9A19103F-16F7-4668-BE54-9A1E7A4F7556}") = "Sample.AutoGenerated", "Sample.AutoGenerated\Sample.AutoGenerated.csproj", "{764CCB8D-21B6-4517-B0AD-44C2AF48BA8C}"
EndProject
Project("{9A19103F-16F7-4668-BE54-9A1E7A4F7556}") = "Sample.DataLayer", "Sample.DataLayer\Sample.DataLayer.csproj", "{38FB4D6D-7F26-4C99-BFBF-B793D3468D5D}"
EndProject
Project("{9A19103F-16F7-4668-BE54-9A1E7A4F7556}") = "Sample.Meatadata", "Sample.Meatadata\Sample.Meatadata.csproj", "{3B4C705D-13D6-4B83-8B7F-D155F1650300}"
EndProject
Global
	GlobalSection(SolutionConfigurationPlatforms) = preSolution
		Debug|Any CPU = Debug|Any CPU
		Release|Any CPU = Release|Any CPU
	EndGlobalSection
	GlobalSection(ProjectConfigurationPlatforms) = postSolution
		{FF76C067-B5A9-43B2-B918-A180EA564415}.Debug|Any CPU.ActiveCfg = Debug|Any CPU
		{FF76C067-B5A9-43B2-B918-A180EA564415}.Debug|Any CPU.Build.0 = Debug|Any CPU
		{FF76C067-B5A9-43B2-B918-A180EA564415}.Release|Any CPU.ActiveCfg = Release|Any CPU
		{FF76C067-B5A9-43B2-B918-A180EA564415}.Release|Any CPU.Build.0 = Release|Any CPU
		{49742247-D0A6-4293-9FC9-41D6F5EE5086}.Debug|Any CPU.ActiveCfg = Debug|Any CPU
		{49742247-D0A6-4293-9FC9-41D6F5EE5086}.Debug|Any CPU.Build.0 = Debug|Any CPU
		{49742247-D0A6-4293-9FC9-41D6F5EE5086}.Release|Any CPU.ActiveCfg = Release|Any CPU
		{49742247-D0A6-4293-9FC9-41D6F5EE5086}.Release|Any CPU.Build.0 = Release|Any CPU
		{764CCB8D-21B6-4517-B0AD-44C2AF48BA8C}.Debug|Any CPU.ActiveCfg = Debug|Any CPU
		{764CCB8D-21B6-4517-B0AD-44C2AF48BA8C}.Release|Any CPU.ActiveCfg = Release|Any CPU
		{764CCB8D-21B6-4517-B0AD-44C2AF48BA8C}.Release|Any CPU.Build.0 = Release|Any CPU
		{38FB4D6D-7F26-4C99-BFBF-B793D3468D5D}.Debug|Any CPU.ActiveCfg = Debug|Any CPU
		{38FB4D6D-7F26-4C99-BFBF-B793D3468D5D}.Debug|Any CPU.Build.0 = Debug|Any CPU
		{38FB4D6D-7F26-4C99-BFBF-B793D3468D5D}.Release|Any CPU.ActiveCfg = Release|Any CPU
		{38FB4D6D-7F26-4C99-BFBF-B793D3468D5D}.Release|Any CPU.Build.0 = Release|Any CPU
		{3B4C705D-13D6-4B83-8B7F-D155F1650300}.Debug|Any CPU.ActiveCfg = Debug|Any CPU
		{3B4C705D-13D6-4B83-8B7F-D155F1650300}.Release|Any CPU.ActiveCfg = Release|Any CPU
		{3B4C705D-13D6-4B83-8B7F-D155F1650300}.Release|Any CPU.Build.0 = Release|Any CPU
	EndGlobalSection
	GlobalSection(SolutionProperties) = preSolution
		HideSolutionNode = FALSE
	EndGlobalSection
	GlobalSection(ExtensibilityGlobals) = postSolution
		SolutionGuid = {588697B0-7672-42E2-A6BB-86E1E02293B5}
	EndGlobalSection
EndGlobal
